
Microsoft Visual Studio Solution File, Format Version 12.00
# Visual Studio Version 17
VisualStudioVersion = 17.3.32819.101
MinimumVisualStudioVersion = 10.0.40219.1
Project("{FAE04EC0-301F-11D3-BF4B-00C04F79EFBC}") = "CountingDuplicates", "CountingDuplicates\CountingDuplicates.csproj", "{213CB15F-08CE-4960-ACEB-062B650BAC4D}"
EndProject
Global
	GlobalSection(SolutionConfigurationPlatforms) = preSolution
		Debug|Any CPU = Debug|Any CPU
		Release|Any CPU = Release|Any CPU
	EndGlobalSection
	GlobalSection(ProjectConfigurationPlatforms) = postSolution
		{213CB15F-08CE-4960-ACEB-062B650BAC4D}.Debug|Any CPU.ActiveCfg = Debug|Any CPU
		{213CB15F-08CE-4960-ACEB-062B650BAC4D}.Debug|Any CPU.Build.0 = Debug|Any CPU
		{213CB15F-08CE-4960-ACEB-062B650BAC4D}.Release|Any CPU.ActiveCfg = Release|Any CPU
		{213CB15F-08CE-4960-ACEB-062B650BAC4D}.Release|Any CPU.Build.0 = Release|Any CPU
	EndGlobalSection
	GlobalSection(SolutionProperties) = preSolution
		HideSolutionNode = FALSE
	EndGlobalSection
	GlobalSection(ExtensibilityGlobals) = postSolution
		SolutionGuid = {0B5BE827-3794-46AA-8D5E-EBB2FCF506C9}
	EndGlobalSection
EndGlobal
